{
  "name": "@mr-scroll/css-theming",
  "version": "0.1.0",
  "lockfileVersion": 2,
  "requires": true,
  "packages": {
    "": {
      "name": "@mr-scroll/css-theming",
      "version": "0.1.0",
      "license": "MIT",
      "peerDependencies": {
        "css-theming": ">=1.3.0"
      }
    },
    "node_modules/css-theming": {
      "version": "1.3.0",
      "resolved": "https://registry.npmjs.org/css-theming/-/css-theming-1.3.0.tgz",
      "integrity": "sha512-jDkebxR0c/mF7vjqGfDqSkp+DG6sGVY5Fr9jfJ90QZFOLQESE3OyjeRD6viNdP5cpq0xZD6Zk+WDcZejEWvdrQ==",
      "peer": true
    }
  },
  "dependencies": {
    "css-theming": {
      "version": "1.3.0",
      "resolved": "https://registry.npmjs.org/css-theming/-/css-theming-1.3.0.tgz",
      "integrity": "sha512-jDkebxR0c/mF7vjqGfDqSkp+DG6sGVY5Fr9jfJ90QZFOLQESE3OyjeRD6viNdP5cpq0xZD6Zk+WDcZejEWvdrQ==",
      "peer": true
    }
  }
}
